
Microsoft Visual Studio Solution File, Format Version 12.00
# Visual Studio Version 16
VisualStudioVersion = 16.0.31424.327
MinimumVisualStudioVersion = 10.0.40219.1
Project("{9A19103F-16F7-4668-BE54-9A1E7A4F7556}") = "KatalogFilmi", "KatalogFilmi\KatalogFilmi.csproj", "{227C6798-F8E8-4207-A889-41407597B3D4}"
EndProject
Project("{FAE04EC0-301F-11D3-BF4B-00C04F79EFBC}") = "Data", "Data\Data.csproj", "{CD669F52-405D-426F-B434-AA09F759E5EA}"
EndProject
Project("{FAE04EC0-301F-11D3-BF4B-00C04F79EFBC}") = "Business", "Business\Business.csproj", "{23276ACE-0BB1-44CE-9137-06EA8B20DD7F}"
EndProject
Global
	GlobalSection(SolutionConfigurationPlatforms) = preSolution
		Debug|Any CPU = Debug|Any CPU
		Release|Any CPU = Release|Any CPU
	EndGlobalSection
	GlobalSection(ProjectConfigurationPlatforms) = postSolution
		{227C6798-F8E8-4207-A889-41407597B3D4}.Debug|Any CPU.ActiveCfg = Debug|Any CPU
		{227C6798-F8E8-4207-A889-41407597B3D4}.Debug|Any CPU.Build.0 = Debug|Any CPU
		{227C6798-F8E8-4207-A889-41407597B3D4}.Release|Any CPU.ActiveCfg = Release|Any CPU
		{227C6798-F8E8-4207-A889-41407597B3D4}.Release|Any CPU.Build.0 = Release|Any CPU
		{CD669F52-405D-426F-B434-AA09F759E5EA}.Debug|Any CPU.ActiveCfg = Debug|Any CPU
		{CD669F52-405D-426F-B434-AA09F759E5EA}.Debug|Any CPU.Build.0 = Debug|Any CPU
		{CD669F52-405D-426F-B434-AA09F759E5EA}.Release|Any CPU.ActiveCfg = Release|Any CPU
		{CD669F52-405D-426F-B434-AA09F759E5EA}.Release|Any CPU.Build.0 = Release|Any CPU
		{23276ACE-0BB1-44CE-9137-06EA8B20DD7F}.Debug|Any CPU.ActiveCfg = Debug|Any CPU
		{23276ACE-0BB1-44CE-9137-06EA8B20DD7F}.Debug|Any CPU.Build.0 = Debug|Any CPU
		{23276ACE-0BB1-44CE-9137-06EA8B20DD7F}.Release|Any CPU.ActiveCfg = Release|Any CPU
		{23276ACE-0BB1-44CE-9137-06EA8B20DD7F}.Release|Any CPU.Build.0 = Release|Any CPU
	EndGlobalSection
	GlobalSection(SolutionProperties) = preSolution
		HideSolutionNode = FALSE
	EndGlobalSection
	GlobalSection(ExtensibilityGlobals) = postSolution
		SolutionGuid = {AFEAEC9F-87B4-4C44-94C6-7157C623763D}
	EndGlobalSection
EndGlobal
